// !$*UTF8*$!
{
	archiveVersion = 1;
	classes = {
	};
	objectVersion = 46;
	objects = {

/* Begin PBXBuildFile section */
		183FC8571C51C6ACCC0EB551 /* Pods_init.framework in Frameworks */ = {isa = PBXBuildFile; fileRef = 116D3D2399A2EF71E71E6499 /* Pods_init.framework */; };
		C00032971E019AFE0024E1D2 /* User.swift in Sources */ = {isa = PBXBuildFile; fileRef = C00032961E019AFE0024E1D2 /* User.swift */; };
		C00032991E01AFE70024E1D2 /* enemy.png in Resources */ = {isa = PBXBuildFile; fileRef = C00032981E01AFE70024E1D2 /* enemy.png */; };
		C00692931E0FD67D008D881B /* MissionCategoryTableViewController.swift in Sources */ = {isa = PBXBuildFile; fileRef = C00692921E0FD67D008D881B /* MissionCategoryTableViewController.swift */; };
		C00692951E0FD68B008D881B /* MissionCategoryTableViewController.storyboard in Resources */ = {isa = PBXBuildFile; fileRef = C00692941E0FD68B008D881B /* MissionCategoryTableViewController.storyboard */; };
		C0211B971E16418A007C16F7 /* MissionCategoryTableViewCell.swift in Sources */ = {isa = PBXBuildFile; fileRef = C0211B961E16418A007C16F7 /* MissionCategoryTableViewCell.swift */; };
		C02BE9331DD2CE4200367E4A /* AppDelegate.swift in Sources */ = {isa = PBXBuildFile; fileRef = C02BE9321DD2CE4200367E4A /* AppDelegate.swift */; };
		C02BE9351DD2CE4200367E4A /* RegisterController.swift in Sources */ = {isa = PBXBuildFile; fileRef = C02BE9341DD2CE4200367E4A /* RegisterController.swift */; };
		C02BE9381DD2CE4200367E4A /* Main.storyboard in Resources */ = {isa = PBXBuildFile; fileRef = C02BE9361DD2CE4200367E4A /* Main.storyboard */; };
		C02BE93A1DD2CE4200367E4A /* Assets.xcassets in Resources */ = {isa = PBXBuildFile; fileRef = C02BE9391DD2CE4200367E4A /* Assets.xcassets */; };
		C02BE93D1DD2CE4200367E4A /* LaunchScreen.storyboard in Resources */ = {isa = PBXBuildFile; fileRef = C02BE93B1DD2CE4200367E4A /* LaunchScreen.storyboard */; };
		C02D71991DF6CA410025E9E1 /* RegisterViewController.storyboard in Resources */ = {isa = PBXBuildFile; fileRef = C02D71981DF6CA410025E9E1 /* RegisterViewController.storyboard */; };
		C05F0D6C1DFED89000FAF8FC /* check.png in Resources */ = {isa = PBXBuildFile; fileRef = C05F0D6B1DFED89000FAF8FC /* check.png */; };
		C0B3D20D1DD489CB00A1FEB3 /* MissionListTableViewController.swift in Sources */ = {isa = PBXBuildFile; fileRef = C0B3D20C1DD489CB00A1FEB3 /* MissionListTableViewController.swift */; };
		C0B3D2101DD48EAD00A1FEB3 /* MissionListTableViewCell.swift in Sources */ = {isa = PBXBuildFile; fileRef = C0B3D20F1DD48EAD00A1FEB3 /* MissionListTableViewCell.swift */; };
		C0C1AE971DED3561001D261A /* UserDefaultsHelper.swift in Sources */ = {isa = PBXBuildFile; fileRef = C0C1AE961DED3561001D261A /* UserDefaultsHelper.swift */; };
		C0CCF5D11DF866570076DEA8 /* MissionListTableViewController.storyboard in Resources */ = {isa = PBXBuildFile; fileRef = C0CCF5D01DF866570076DEA8 /* MissionListTableViewController.storyboard */; };
		C0CCF5D41DF86A650076DEA8 /* MissionDetailController.storyboard in Resources */ = {isa = PBXBuildFile; fileRef = C0CCF5D31DF86A650076DEA8 /* MissionDetailController.storyboard */; };
		C0CCF5DA1DF871E60076DEA8 /* MissionAddController.storyboard in Resources */ = {isa = PBXBuildFile; fileRef = C0CCF5D91DF871E60076DEA8 /* MissionAddController.storyboard */; };
		C0CCF5DC1DF875E70076DEA8 /* MissionEditController.storyboard in Resources */ = {isa = PBXBuildFile; fileRef = C0CCF5DB1DF875E70076DEA8 /* MissionEditController.storyboard */; };
		C0CCF5DE1DF9AE250076DEA8 /* Mission.swift in Sources */ = {isa = PBXBuildFile; fileRef = C0CCF5DD1DF9AE250076DEA8 /* Mission.swift */; };
		C0D457211DD2FE4100B33924 /* MissionAddController.swift in Sources */ = {isa = PBXBuildFile; fileRef = C0D457201DD2FE4100B33924 /* MissionAddController.swift */; };
		C0D457231DD2FEEB00B33924 /* MissionEditController.swift in Sources */ = {isa = PBXBuildFile; fileRef = C0D457221DD2FEEB00B33924 /* MissionEditController.swift */; };
		C0D457251DD3000700B33924 /* MissionDetailController.swift in Sources */ = {isa = PBXBuildFile; fileRef = C0D457241DD3000700B33924 /* MissionDetailController.swift */; };
/* End PBXBuildFile section */

/* Begin PBXFileReference section */
		116D3D2399A2EF71E71E6499 /* Pods_init.framework */ = {isa = PBXFileReference; explicitFileType = wrapper.framework; includeInIndex = 0; path = Pods_init.framework; sourceTree = BUILT_PRODUCTS_DIR; };
		76DAEF626C3BEA6EF4C6EEBD /* Pods-init.debug.xcconfig */ = {isa = PBXFileReference; includeInIndex = 1; lastKnownFileType = text.xcconfig; name = "Pods-init.debug.xcconfig"; path = "Pods/Target Support Files/Pods-init/Pods-init.debug.xcconfig"; sourceTree = "<group>"; };
		B6EA76EEF2876C52EDB80EC2 /* Pods-init.release.xcconfig */ = {isa = PBXFileReference; includeInIndex = 1; lastKnownFileType = text.xcconfig; name = "Pods-init.release.xcconfig"; path = "Pods/Target Support Files/Pods-init/Pods-init.release.xcconfig"; sourceTree = "<group>"; };
		C00032961E019AFE0024E1D2 /* User.swift */ = {isa = PBXFileReference; fileEncoding = 4; lastKnownFileType = sourcecode.swift; path = User.swift; sourceTree = "<group>"; };
		C00032981E01AFE70024E1D2 /* enemy.png */ = {isa = PBXFileReference; lastKnownFileType = image.png; path = enemy.png; sourceTree = "<group>"; };
		C00692921E0FD67D008D881B /* MissionCategoryTableViewController.swift */ = {isa = PBXFileReference; fileEncoding = 4; lastKnownFileType = sourcecode.swift; path = MissionCategoryTableViewController.swift; sourceTree = "<group>"; };
		C00692941E0FD68B008D881B /* MissionCategoryTableViewController.storyboard */ = {isa = PBXFileReference; fileEncoding = 4; lastKnownFileType = file.storyboard; path = MissionCategoryTableViewController.storyboard; sourceTree = "<group>"; };
		C0211B961E16418A007C16F7 /* MissionCategoryTableViewCell.swift */ = {isa = PBXFileReference; fileEncoding = 4; lastKnownFileType = sourcecode.swift; path = MissionCategoryTableViewCell.swift; sourceTree = "<group>"; };
		C02BE92F1DD2CE4200367E4A /* init.app */ = {isa = PBXFileReference; explicitFileType = wrapper.application; includeInIndex = 0; path = init.app; sourceTree = BUILT_PRODUCTS_DIR; };
		C02BE9321DD2CE4200367E4A /* AppDelegate.swift */ = {isa = PBXFileReference; lastKnownFileType = sourcecode.swift; path = AppDelegate.swift; sourceTree = "<group>"; };
		C02BE9341DD2CE4200367E4A /* RegisterController.swift */ = {isa = PBXFileReference; lastKnownFileType = sourcecode.swift; path = RegisterController.swift; sourceTree = "<group>"; };
		C02BE9371DD2CE4200367E4A /* Base */ = {isa = PBXFileReference; lastKnownFileType = file.storyboard; name = Base; path = Base.lproj/Main.storyboard; sourceTree = "<group>"; };
		C02BE9391DD2CE4200367E4A /* Assets.xcassets */ = {isa = PBXFileReference; lastKnownFileType = folder.assetcatalog; path = Assets.xcassets; sourceTree = "<group>"; };
		C02BE93C1DD2CE4200367E4A /* Base */ = {isa = PBXFileReference; lastKnownFileType = file.storyboard; name = Base; path = Base.lproj/LaunchScreen.storyboard; sourceTree = "<group>"; };
		C02BE93E1DD2CE4200367E4A /* Info.plist */ = {isa = PBXFileReference; lastKnownFileType = text.plist.xml; path = Info.plist; sourceTree = "<group>"; };
		C02D71981DF6CA410025E9E1 /* RegisterViewController.storyboard */ = {isa = PBXFileReference; fileEncoding = 4; lastKnownFileType = file.storyboard; path = RegisterViewController.storyboard; sourceTree = "<group>"; };
		C05F0D6B1DFED89000FAF8FC /* check.png */ = {isa = PBXFileReference; lastKnownFileType = image.png; path = check.png; sourceTree = "<group>"; };
		C0B3D20C1DD489CB00A1FEB3 /* MissionListTableViewController.swift */ = {isa = PBXFileReference; fileEncoding = 4; lastKnownFileType = sourcecode.swift; path = MissionListTableViewController.swift; sourceTree = "<group>"; };
		C0B3D20F1DD48EAD00A1FEB3 /* MissionListTableViewCell.swift */ = {isa = PBXFileReference; fileEncoding = 4; lastKnownFileType = sourcecode.swift; path = MissionListTableViewCell.swift; sourceTree = "<group>"; };
		C0C1AE961DED3561001D261A /* UserDefaultsHelper.swift */ = {isa = PBXFileReference; fileEncoding = 4; lastKnownFileType = sourcecode.swift; path = UserDefaultsHelper.swift; sourceTree = "<group>"; };
		C0CCF5D01DF866570076DEA8 /* MissionListTableViewController.storyboard */ = {isa = PBXFileReference; fileEncoding = 4; lastKnownFileType = file.storyboard; path = MissionListTableViewController.storyboard; sourceTree = "<group>"; };
		C0CCF5D31DF86A650076DEA8 /* MissionDetailController.storyboard */ = {isa = PBXFileReference; fileEncoding = 4; lastKnownFileType = file.storyboard; path = MissionDetailController.storyboard; sourceTree = "<group>"; };
		C0CCF5D91DF871E60076DEA8 /* MissionAddController.storyboard */ = {isa = PBXFileReference; fileEncoding = 4; lastKnownFileType = file.storyboard; path = MissionAddController.storyboard; sourceTree = "<group>"; };
		C0CCF5DB1DF875E70076DEA8 /* MissionEditController.storyboard */ = {isa = PBXFileReference; fileEncoding = 4; lastKnownFileType = file.storyboard; path = MissionEditController.storyboard; sourceTree = "<group>"; };
		C0CCF5DD1DF9AE250076DEA8 /* Mission.swift */ = {isa = PBXFileReference; fileEncoding = 4; lastKnownFileType = sourcecode.swift; path = Mission.swift; sourceTree = "<group>"; };
		C0D457201DD2FE4100B33924 /* MissionAddController.swift */ = {isa = PBXFileReference; fileEncoding = 4; lastKnownFileType = sourcecode.swift; path = MissionAddController.swift; sourceTree = "<group>"; };
		C0D457221DD2FEEB00B33924 /* MissionEditController.swift */ = {isa = PBXFileReference; fileEncoding = 4; lastKnownFileType = sourcecode.swift; path = MissionEditController.swift; sourceTree = "<group>"; };
		C0D457241DD3000700B33924 /* MissionDetailController.swift */ = {isa = PBXFileReference; fileEncoding = 4; lastKnownFileType = sourcecode.swift; path = MissionDetailController.swift; sourceTree = "<group>"; };
/* End PBXFileReference section */

/* Begin PBXFrameworksBuildPhase section */
		C02BE92C1DD2CE4200367E4A /* Frameworks */ = {
			isa = PBXFrameworksBuildPhase;
			buildActionMask = 2147483647;
			files = (
				183FC8571C51C6ACCC0EB551 /* Pods_init.framework in Frameworks */,
			);
			runOnlyForDeploymentPostprocessing = 0;
		};
/* End PBXFrameworksBuildPhase section */

/* Begin PBXGroup section */
		0EDCF44BA97E0983F131F4FC /* Pods */ = {
			isa = PBXGroup;
			children = (
				76DAEF626C3BEA6EF4C6EEBD /* Pods-init.debug.xcconfig */,
				B6EA76EEF2876C52EDB80EC2 /* Pods-init.release.xcconfig */,
			);
			name = Pods;
			sourceTree = "<group>";
		};
		15FD6BE5231B67FB7092C9FD /* Frameworks */ = {
			isa = PBXGroup;
			children = (
				116D3D2399A2EF71E71E6499 /* Pods_init.framework */,
			);
			name = Frameworks;
			sourceTree = "<group>";
		};
		C02BE9261DD2CE4200367E4A = {
			isa = PBXGroup;
			children = (
				15FD6BE5231B67FB7092C9FD /* Frameworks */,
				0EDCF44BA97E0983F131F4FC /* Pods */,
				C02BE9301DD2CE4200367E4A /* Products */,
				C02BE9311DD2CE4200367E4A /* init */,
			);
			sourceTree = "<group>";
		};
		C02BE9301DD2CE4200367E4A /* Products */ = {
			isa = PBXGroup;
			children = (
				C02BE92F1DD2CE4200367E4A /* init.app */,
			);
			name = Products;
			sourceTree = "<group>";
		};
		C02BE9311DD2CE4200367E4A /* init */ = {
			isa = PBXGroup;
			children = (
				C04265C81DF6C5FC00698FA3 /* Controllers */,
				C03280B71DE7470600B55D5B /* Models */,
				C05F0D6A1DFED83E00FAF8FC /* Pictures */,
				C04265C91DF6C61A00698FA3 /* Storyboards */,
				C04265CA1DF6C62A00698FA3 /* Views */,
				C04265CB1DF6C63500698FA3 /* XIBs */,
				C02BE9321DD2CE4200367E4A /* AppDelegate.swift */,
				C02BE9391DD2CE4200367E4A /* Assets.xcassets */,
				C02BE93E1DD2CE4200367E4A /* Info.plist */,
				C02BE93B1DD2CE4200367E4A /* LaunchScreen.storyboard */,
				C02BE9361DD2CE4200367E4A /* Main.storyboard */,
			);
			path = init;
			sourceTree = "<group>";
		};
		C03280B71DE7470600B55D5B /* Models */ = {
			isa = PBXGroup;
			children = (
				C0CCF5DD1DF9AE250076DEA8 /* Mission.swift */,
				C00032961E019AFE0024E1D2 /* User.swift */,
				C0C1AE961DED3561001D261A /* UserDefaultsHelper.swift */,
			);
			path = Models;
			sourceTree = "<group>";
		};
		C04265C81DF6C5FC00698FA3 /* Controllers */ = {
			isa = PBXGroup;
			children = (
				C04265CC1DF6C76500698FA3 /* Mission */,
				C02BE9341DD2CE4200367E4A /* RegisterController.swift */,
			);
			path = Controllers;
			sourceTree = "<group>";
		};
		C04265C91DF6C61A00698FA3 /* Storyboards */ = {
			isa = PBXGroup;
			children = (
				C0CCF5D91DF871E60076DEA8 /* MissionAddController.storyboard */,
				C00692941E0FD68B008D881B /* MissionCategoryTableViewController.storyboard */,
				C0CCF5D31DF86A650076DEA8 /* MissionDetailController.storyboard */,
				C0CCF5DB1DF875E70076DEA8 /* MissionEditController.storyboard */,
				C0CCF5D01DF866570076DEA8 /* MissionListTableViewController.storyboard */,
				C02D71981DF6CA410025E9E1 /* RegisterViewController.storyboard */,
			);
			path = Storyboards;
			sourceTree = "<group>";
		};
		C04265CA1DF6C62A00698FA3 /* Views */ = {
			isa = PBXGroup;
			children = (
				C0B3D20F1DD48EAD00A1FEB3 /* MissionListTableViewCell.swift */,
				C0211B961E16418A007C16F7 /* MissionCategoryTableViewCell.swift */,
			);
			path = Views;
			sourceTree = "<group>";
		};
		C04265CB1DF6C63500698FA3 /* XIBs */ = {
			isa = PBXGroup;
			children = (
			);
			path = XIBs;
			sourceTree = "<group>";
		};
		C04265CC1DF6C76500698FA3 /* Mission */ = {
			isa = PBXGroup;
			children = (
				C0D457201DD2FE4100B33924 /* MissionAddController.swift */,
				C00692921E0FD67D008D881B /* MissionCategoryTableViewController.swift */,
				C0D457241DD3000700B33924 /* MissionDetailController.swift */,
				C0D457221DD2FEEB00B33924 /* MissionEditController.swift */,
				C0B3D20C1DD489CB00A1FEB3 /* MissionListTableViewController.swift */,
			);
			path = Mission;
			sourceTree = "<group>";
		};
		C05F0D6A1DFED83E00FAF8FC /* Pictures */ = {
			isa = PBXGroup;
			children = (
				C05F0D6B1DFED89000FAF8FC /* check.png */,
				C00032981E01AFE70024E1D2 /* enemy.png */,
			);
			path = Pictures;
			sourceTree = "<group>";
		};
/* End PBXGroup section */

/* Begin PBXNativeTarget section */
		C02BE92E1DD2CE4200367E4A /* init */ = {
			isa = PBXNativeTarget;
			buildConfigurationList = C02BE9411DD2CE4200367E4A /* Build configuration list for PBXNativeTarget "init" */;
			buildPhases = (
				18125322CDB64B7FBE853285 /* [CP] Check Pods Manifest.lock */,
				C02BE92B1DD2CE4200367E4A /* Sources */,
				C02BE92C1DD2CE4200367E4A /* Frameworks */,
				C02BE92D1DD2CE4200367E4A /* Resources */,
				5F57A2E0BB3C4BAC03BBA929 /* [CP] Embed Pods Frameworks */,
				AC0B30300030C5DE15009A5E /* [CP] Copy Pods Resources */,
				C09FE24C1DFEE4F8001A5A22 /* ShellScript */,
			);
			buildRules = (
			);
			dependencies = (
			);
			name = init;
			productName = init;
			productReference = C02BE92F1DD2CE4200367E4A /* init.app */;
			productType = "com.apple.product-type.application";
		};
/* End PBXNativeTarget section */

/* Begin PBXProject section */
		C02BE9271DD2CE4200367E4A /* Project object */ = {
			isa = PBXProject;
			attributes = {
				LastSwiftUpdateCheck = 0810;
				LastUpgradeCheck = 0810;
				ORGANIZATIONNAME = Atsuo;
				TargetAttributes = {
					C02BE92E1DD2CE4200367E4A = {
						CreatedOnToolsVersion = 8.1;
						DevelopmentTeam = ZLP777QDS4;
						ProvisioningStyle = Automatic;
					};
				};
			};
			buildConfigurationList = C02BE92A1DD2CE4200367E4A /* Build configuration list for PBXProject "init" */;
			compatibilityVersion = "Xcode 3.2";
			developmentRegion = English;
			hasScannedForEncodings = 0;
			knownRegions = (
				en,
				Base,
			);
			mainGroup = C02BE9261DD2CE4200367E4A;
			productRefGroup = C02BE9301DD2CE4200367E4A /* Products */;
			projectDirPath = "";
			projectRoot = "";
			targets = (
				C02BE92E1DD2CE4200367E4A /* init */,
			);
		};
/* End PBXProject section */

/* Begin PBXResourcesBuildPhase section */
		C02BE92D1DD2CE4200367E4A /* Resources */ = {
			isa = PBXResourcesBuildPhase;
			buildActionMask = 2147483647;
			files = (
				C05F0D6C1DFED89000FAF8FC /* check.png in Resources */,
				C00692951E0FD68B008D881B /* MissionCategoryTableViewController.storyboard in Resources */,
				C02D71991DF6CA410025E9E1 /* RegisterViewController.storyboard in Resources */,
				C00032991E01AFE70024E1D2 /* enemy.png in Resources */,
				C02BE93D1DD2CE4200367E4A /* LaunchScreen.storyboard in Resources */,
				C0CCF5D41DF86A650076DEA8 /* MissionDetailController.storyboard in Resources */,
				C0CCF5DA1DF871E60076DEA8 /* MissionAddController.storyboard in Resources */,
				C02BE93A1DD2CE4200367E4A /* Assets.xcassets in Resources */,
				C0CCF5D11DF866570076DEA8 /* MissionListTableViewController.storyboard in Resources */,
				C0CCF5DC1DF875E70076DEA8 /* MissionEditController.storyboard in Resources */,
				C02BE9381DD2CE4200367E4A /* Main.storyboard in Resources */,
			);
			runOnlyForDeploymentPostprocessing = 0;
		};
/* End PBXResourcesBuildPhase section */

/* Begin PBXShellScriptBuildPhase section */
		18125322CDB64B7FBE853285 /* [CP] Check Pods Manifest.lock */ = {
			isa = PBXShellScriptBuildPhase;
			buildActionMask = 2147483647;
			files = (
			);
			inputPaths = (
			);
			name = "[CP] Check Pods Manifest.lock";
			outputPaths = (
			);
			runOnlyForDeploymentPostprocessing = 0;
			shellPath = /bin/sh;
			shellScript = "diff \"${PODS_ROOT}/../Podfile.lock\" \"${PODS_ROOT}/Manifest.lock\" > /dev/null\nif [ $? != 0 ] ; then\n    # print error to STDERR\n    echo \"error: The sandbox is not in sync with the Podfile.lock. Run 'pod install' or update your CocoaPods installation.\" >&2\n    exit 1\nfi\n";
			showEnvVarsInLog = 0;
		};
		5F57A2E0BB3C4BAC03BBA929 /* [CP] Embed Pods Frameworks */ = {
			isa = PBXShellScriptBuildPhase;
			buildActionMask = 2147483647;
			files = (
			);
			inputPaths = (
			);
			name = "[CP] Embed Pods Frameworks";
			outputPaths = (
			);
			runOnlyForDeploymentPostprocessing = 0;
			shellPath = /bin/sh;
			shellScript = "\"${SRCROOT}/Pods/Target Support Files/Pods-init/Pods-init-frameworks.sh\"\n";
			showEnvVarsInLog = 0;
		};
		AC0B30300030C5DE15009A5E /* [CP] Copy Pods Resources */ = {
			isa = PBXShellScriptBuildPhase;
			buildActionMask = 2147483647;
			files = (
			);
			inputPaths = (
			);
			name = "[CP] Copy Pods Resources";
			outputPaths = (
			);
			runOnlyForDeploymentPostprocessing = 0;
			shellPath = /bin/sh;
			shellScript = "\"${SRCROOT}/Pods/Target Support Files/Pods-init/Pods-init-resources.sh\"\n";
			showEnvVarsInLog = 0;
		};
		C09FE24C1DFEE4F8001A5A22 /* ShellScript */ = {
			isa = PBXShellScriptBuildPhase;
			buildActionMask = 2147483647;
			files = (
			);
			inputPaths = (
			);
			outputPaths = (
			);
			runOnlyForDeploymentPostprocessing = 0;
			shellPath = /bin/sh;
			shellScript = "if which swiftlint >/dev/null; then\nswiftlint\nelse\necho \"warning: SwiftLint not installed, download from https://github.com/realm/SwiftLint\"\nfi";
		};
/* End PBXShellScriptBuildPhase section */

/* Begin PBXSourcesBuildPhase section */
		C02BE92B1DD2CE4200367E4A /* Sources */ = {
			isa = PBXSourcesBuildPhase;
			buildActionMask = 2147483647;
			files = (
				C0211B971E16418A007C16F7 /* MissionCategoryTableViewCell.swift in Sources */,
				C02BE9351DD2CE4200367E4A /* RegisterController.swift in Sources */,
				C02BE9331DD2CE4200367E4A /* AppDelegate.swift in Sources */,
				C0B3D2101DD48EAD00A1FEB3 /* MissionListTableViewCell.swift in Sources */,
				C0C1AE971DED3561001D261A /* UserDefaultsHelper.swift in Sources */,
				C0D457251DD3000700B33924 /* MissionDetailController.swift in Sources */,
				C0CCF5DE1DF9AE250076DEA8 /* Mission.swift in Sources */,
				C0B3D20D1DD489CB00A1FEB3 /* MissionListTableViewController.swift in Sources */,
				C00692931E0FD67D008D881B /* MissionCategoryTableViewController.swift in Sources */,
				C0D457231DD2FEEB00B33924 /* MissionEditController.swift in Sources */,
				C0D457211DD2FE4100B33924 /* MissionAddController.swift in Sources */,
				C00032971E019AFE0024E1D2 /* User.swift in Sources */,
			);
			runOnlyForDeploymentPostprocessing = 0;
		};
/* End PBXSourcesBuildPhase section */

/* Begin PBXVariantGroup section */
		C02BE9361DD2CE4200367E4A /* Main.storyboard */ = {
			isa = PBXVariantGroup;
			children = (
				C02BE9371DD2CE4200367E4A /* Base */,
			);
			name = Main.storyboard;
			path = .;
			sourceTree = "<group>";
		};
		C02BE93B1DD2CE4200367E4A /* LaunchScreen.storyboard */ = {
			isa = PBXVariantGroup;
			children = (
				C02BE93C1DD2CE4200367E4A /* Base */,
			);
			name = LaunchScreen.storyboard;
			path = .;
			sourceTree = "<group>";
		};
/* End PBXVariantGroup section */

/* Begin XCBuildConfiguration section */
		C02BE93F1DD2CE4200367E4A /* Debug */ = {
			isa = XCBuildConfiguration;
			buildSettings = {
				ALWAYS_SEARCH_USER_PATHS = NO;
				CLANG_ANALYZER_NONNULL = YES;
				CLANG_CXX_LANGUAGE_STANDARD = "gnu++0x";
				CLANG_CXX_LIBRARY = "libc++";
				CLANG_ENABLE_MODULES = YES;
				CLANG_ENABLE_OBJC_ARC = YES;
				CLANG_WARN_BOOL_CONVERSION = YES;
				CLANG_WARN_CONSTANT_CONVERSION = YES;
				CLANG_WARN_DIRECT_OBJC_ISA_USAGE = YES_ERROR;
				CLANG_WARN_DOCUMENTATION_COMMENTS = YES;
				CLANG_WARN_EMPTY_BODY = YES;
				CLANG_WARN_ENUM_CONVERSION = YES;
				CLANG_WARN_INFINITE_RECURSION = YES;
				CLANG_WARN_INT_CONVERSION = YES;
				CLANG_WARN_OBJC_ROOT_CLASS = YES_ERROR;
				CLANG_WARN_SUSPICIOUS_MOVES = YES;
				CLANG_WARN_UNREACHABLE_CODE = YES;
				CLANG_WARN__DUPLICATE_METHOD_MATCH = YES;
				"CODE_SIGN_IDENTITY[sdk=iphoneos*]" = "iPhone Developer";
				COPY_PHASE_STRIP = NO;
				DEBUG_INFORMATION_FORMAT = dwarf;
				ENABLE_STRICT_OBJC_MSGSEND = YES;
				ENABLE_TESTABILITY = YES;
				GCC_C_LANGUAGE_STANDARD = gnu99;
				GCC_DYNAMIC_NO_PIC = NO;
				GCC_NO_COMMON_BLOCKS = YES;
				GCC_OPTIMIZATION_LEVEL = 0;
				GCC_PREPROCESSOR_DEFINITIONS = (
					"DEBUG=1",
					"$(inherited)",
				);
				GCC_WARN_64_TO_32_BIT_CONVERSION = YES;
				GCC_WARN_ABOUT_RETURN_TYPE = YES_ERROR;
				GCC_WARN_UNDECLARED_SELECTOR = YES;
				GCC_WARN_UNINITIALIZED_AUTOS = YES_AGGRESSIVE;
				GCC_WARN_UNUSED_FUNCTION = YES;
				GCC_WARN_UNUSED_VARIABLE = YES;
				IPHONEOS_DEPLOYMENT_TARGET = 10.1;
				MTL_ENABLE_DEBUG_INFO = YES;
				ONLY_ACTIVE_ARCH = YES;
				SDKROOT = iphoneos;
				SWIFT_ACTIVE_COMPILATION_CONDITIONS = DEBUG;
				SWIFT_OPTIMIZATION_LEVEL = "-Onone";
			};
			name = Debug;
		};
		C02BE9401DD2CE4200367E4A /* Release */ = {
			isa = XCBuildConfiguration;
			buildSettings = {
				ALWAYS_SEARCH_USER_PATHS = NO;
				CLANG_ANALYZER_NONNULL = YES;
				CLANG_CXX_LANGUAGE_STANDARD = "gnu++0x";
				CLANG_CXX_LIBRARY = "libc++";
				CLANG_ENABLE_MODULES = YES;
				CLANG_ENABLE_OBJC_ARC = YES;
				CLANG_WARN_BOOL_CONVERSION = YES;
				CLANG_WARN_CONSTANT_CONVERSION = YES;
				CLANG_WARN_DIRECT_OBJC_ISA_USAGE = YES_ERROR;
				CLANG_WARN_DOCUMENTATION_COMMENTS = YES;
				CLANG_WARN_EMPTY_BODY = YES;
				CLANG_WARN_ENUM_CONVERSION = YES;
				CLANG_WARN_INFINITE_RECURSION = YES;
				CLANG_WARN_INT_CONVERSION = YES;
				CLANG_WARN_OBJC_ROOT_CLASS = YES_ERROR;
				CLANG_WARN_SUSPICIOUS_MOVES = YES;
				CLANG_WARN_UNREACHABLE_CODE = YES;
				CLANG_WARN__DUPLICATE_METHOD_MATCH = YES;
				"CODE_SIGN_IDENTITY[sdk=iphoneos*]" = "iPhone Developer";
				COPY_PHASE_STRIP = NO;
				DEBUG_INFORMATION_FORMAT = "dwarf-with-dsym";
				ENABLE_NS_ASSERTIONS = NO;
				ENABLE_STRICT_OBJC_MSGSEND = YES;
				GCC_C_LANGUAGE_STANDARD = gnu99;
				GCC_NO_COMMON_BLOCKS = YES;
				GCC_WARN_64_TO_32_BIT_CONVERSION = YES;
				GCC_WARN_ABOUT_RETURN_TYPE = YES_ERROR;
				GCC_WARN_UNDECLARED_SELECTOR = YES;
				GCC_WARN_UNINITIALIZED_AUTOS = YES_AGGRESSIVE;
				GCC_WARN_UNUSED_FUNCTION = YES;
				GCC_WARN_UNUSED_VARIABLE = YES;
				IPHONEOS_DEPLOYMENT_TARGET = 10.1;
				MTL_ENABLE_DEBUG_INFO = NO;
				SDKROOT = iphoneos;
				SWIFT_OPTIMIZATION_LEVEL = "-Owholemodule";
				VALIDATE_PRODUCT = YES;
			};
			name = Release;
		};
		C02BE9421DD2CE4200367E4A /* Debug */ = {
			isa = XCBuildConfiguration;
			baseConfigurationReference = 76DAEF626C3BEA6EF4C6EEBD /* Pods-init.debug.xcconfig */;
			buildSettings = {
				ASSETCATALOG_COMPILER_APPICON_NAME = AppIcon;
				DEVELOPMENT_TEAM = ZLP777QDS4;
				INFOPLIST_FILE = init/Info.plist;
				LD_RUNPATH_SEARCH_PATHS = "$(inherited) @executable_path/Frameworks";
				PRODUCT_BUNDLE_IDENTIFIER = cps.im.dendai.ac.jp.init;
				PRODUCT_NAME = "$(TARGET_NAME)";
				SWIFT_VERSION = 3.0;
			};
			name = Debug;
		};
		C02BE9431DD2CE4200367E4A /* Release */ = {
			isa = XCBuildConfiguration;
			baseConfigurationReference = B6EA76EEF2876C52EDB80EC2 /* Pods-init.release.xcconfig */;
			buildSettings = {
				ASSETCATALOG_COMPILER_APPICON_NAME = AppIcon;
				DEVELOPMENT_TEAM = ZLP777QDS4;
				INFOPLIST_FILE = init/Info.plist;
				LD_RUNPATH_SEARCH_PATHS = "$(inherited) @executable_path/Frameworks";
				PRODUCT_BUNDLE_IDENTIFIER = cps.im.dendai.ac.jp.init;
				PRODUCT_NAME = "$(TARGET_NAME)";
				SWIFT_VERSION = 3.0;
			};
			name = Release;
		};
/* End XCBuildConfiguration section */

/* Begin XCConfigurationList section */
		C02BE92A1DD2CE4200367E4A /* Build configuration list for PBXProject "init" */ = {
			isa = XCConfigurationList;
			buildConfigurations = (
				C02BE93F1DD2CE4200367E4A /* Debug */,
				C02BE9401DD2CE4200367E4A /* Release */,
			);
			defaultConfigurationIsVisible = 0;
			defaultConfigurationName = Release;
		};
		C02BE9411DD2CE4200367E4A /* Build configuration list for PBXNativeTarget "init" */ = {
			isa = XCConfigurationList;
			buildConfigurations = (
				C02BE9421DD2CE4200367E4A /* Debug */,
				C02BE9431DD2CE4200367E4A /* Release */,
			);
			defaultConfigurationIsVisible = 0;
			defaultConfigurationName = Release;
		};
/* End XCConfigurationList section */
	};
	rootObject = C02BE9271DD2CE4200367E4A /* Project object */;
}
